// !$*UTF8*$!
{
	archiveVersion = 1;
	classes = {
	};
	objectVersion = 60;
	objects = {

/* Begin PBXBuildFile section */
		5F4053602AE476EB00B46E36 /* HNLink.swift in Sources */ = {isa = PBXBuildFile; fileRef = 5F40535D2AE476EB00B46E36 /* HNLink.swift */; };
		5F4053612AE476EB00B46E36 /* HNLink.swift in Sources */ = {isa = PBXBuildFile; fileRef = 5F40535D2AE476EB00B46E36 /* HNLink.swift */; };
		5F4053622AE476EB00B46E36 /* HNPageFetcher.swift in Sources */ = {isa = PBXBuildFile; fileRef = 5F40535E2AE476EB00B46E36 /* HNPageFetcher.swift */; };
		5F4053632AE476EB00B46E36 /* HNPageFetcher.swift in Sources */ = {isa = PBXBuildFile; fileRef = 5F40535E2AE476EB00B46E36 /* HNPageFetcher.swift */; };
		5F4053642AE476EB00B46E36 /* HTMLParser.swift in Sources */ = {isa = PBXBuildFile; fileRef = 5F40535F2AE476EB00B46E36 /* HTMLParser.swift */; };
		5F4053652AE476EB00B46E36 /* HTMLParser.swift in Sources */ = {isa = PBXBuildFile; fileRef = 5F40535F2AE476EB00B46E36 /* HTMLParser.swift */; };
		5F40536A2AE4779C00B46E36 /* Kanna in Frameworks */ = {isa = PBXBuildFile; productRef = 5F4053692AE4779C00B46E36 /* Kanna */; };
		5F40536C2AE477BD00B46E36 /* Kanna in Frameworks */ = {isa = PBXBuildFile; productRef = 5F40536B2AE477BD00B46E36 /* Kanna */; };
		5F7FDD592AE468CC005C6C24 /* HNWidgetsApp.swift in Sources */ = {isa = PBXBuildFile; fileRef = 5F7FDD582AE468CC005C6C24 /* HNWidgetsApp.swift */; };
		5F7FDD5D2AE468CD005C6C24 /* Assets.xcassets in Resources */ = {isa = PBXBuildFile; fileRef = 5F7FDD5C2AE468CD005C6C24 /* Assets.xcassets */; };
		5F7FDD612AE468CD005C6C24 /* Preview Assets.xcassets in Resources */ = {isa = PBXBuildFile; fileRef = 5F7FDD602AE468CD005C6C24 /* Preview Assets.xcassets */; };
		5F7FDDA22AE46E3C005C6C24 /* WidgetKit.framework in Frameworks */ = {isa = PBXBuildFile; fileRef = 5F7FDD6D2AE469AE005C6C24 /* WidgetKit.framework */; };
		5F7FDDA32AE46E3C005C6C24 /* SwiftUI.framework in Frameworks */ = {isa = PBXBuildFile; fileRef = 5F7FDD6F2AE469AE005C6C24 /* SwiftUI.framework */; };
		5F7FDDA62AE46E3C005C6C24 /* HNWidgetBundle.swift in Sources */ = {isa = PBXBuildFile; fileRef = 5F7FDDA52AE46E3C005C6C24 /* HNWidgetBundle.swift */; };
		5F7FDDA82AE46E3C005C6C24 /* HNWidget.swift in Sources */ = {isa = PBXBuildFile; fileRef = 5F7FDDA72AE46E3C005C6C24 /* HNWidget.swift */; };
		5F7FDDAA2AE46E3D005C6C24 /* Assets.xcassets in Resources */ = {isa = PBXBuildFile; fileRef = 5F7FDDA92AE46E3D005C6C24 /* Assets.xcassets */; };
		5F7FDDAE2AE46E3D005C6C24 /* HNWidgetExtension.appex in Embed Foundation Extensions */ = {isa = PBXBuildFile; fileRef = 5F7FDDA12AE46E3C005C6C24 /* HNWidgetExtension.appex */; settings = {ATTRIBUTES = (RemoveHeadersOnCopy, ); }; };
		5F7FDDB32AE46FD2005C6C24 /* Provider.swift in Sources */ = {isa = PBXBuildFile; fileRef = 5F7FDDB22AE46FD2005C6C24 /* Provider.swift */; };
		5F7FDDB72AE4700F005C6C24 /* HNWidgetEntryView.swift in Sources */ = {isa = PBXBuildFile; fileRef = 5F7FDDB62AE4700F005C6C24 /* HNWidgetEntryView.swift */; };
		5F9641792AE565EB009D247D /* WidgetConfigurationIntent.swift in Sources */ = {isa = PBXBuildFile; fileRef = 5F9641782AE565EB009D247D /* WidgetConfigurationIntent.swift */; };
		5FBC1A652AE55F01009DAA73 /* SplashScreen.swift in Sources */ = {isa = PBXBuildFile; fileRef = 5FBC1A642AE55F01009DAA73 /* SplashScreen.swift */; };
		5FCC18452AE57A9E000E3BC9 /* InfoView.swift in Sources */ = {isa = PBXBuildFile; fileRef = 5FCC18442AE57A9E000E3BC9 /* InfoView.swift */; };
		5FFCBF1A2AE480D3001994DA /* HNLinkRow.swift in Sources */ = {isa = PBXBuildFile; fileRef = 5FFCBF192AE480D3001994DA /* HNLinkRow.swift */; };
		5FFCBF1B2AE48334001994DA /* HNLinkRow.swift in Sources */ = {isa = PBXBuildFile; fileRef = 5FFCBF192AE480D3001994DA /* HNLinkRow.swift */; };
/* End PBXBuildFile section */

/* Begin PBXContainerItemProxy section */
		5F399F122D6268C4003779CF /* PBXContainerItemProxy */ = {
			isa = PBXContainerItemProxy;
			containerPortal = 5F7FDD4D2AE468CC005C6C24 /* Project object */;
			proxyType = 1;
			remoteGlobalIDString = 5F7FDD542AE468CC005C6C24;
			remoteInfo = HNWidgets;
		};
		5F7FDDAC2AE46E3D005C6C24 /* PBXContainerItemProxy */ = {
			isa = PBXContainerItemProxy;
			containerPortal = 5F7FDD4D2AE468CC005C6C24 /* Project object */;
			proxyType = 1;
			remoteGlobalIDString = 5F7FDDA02AE46E3C005C6C24;
			remoteInfo = HNWidgetExtension;
		};
/* End PBXContainerItemProxy section */

/* Begin PBXCopyFilesBuildPhase section */
		5F7FDD832AE469AF005C6C24 /* Embed Foundation Extensions */ = {
			isa = PBXCopyFilesBuildPhase;
			buildActionMask = 2147483647;
			dstPath = "";
			dstSubfolderSpec = 13;
			files = (
				5F7FDDAE2AE46E3D005C6C24 /* HNWidgetExtension.appex in Embed Foundation Extensions */,
			);
			name = "Embed Foundation Extensions";
			runOnlyForDeploymentPostprocessing = 0;
		};
/* End PBXCopyFilesBuildPhase section */

/* Begin PBXFileReference section */
		5F399F0E2D6268C3003779CF /* HNWidgetsTests.xctest */ = {isa = PBXFileReference; explicitFileType = wrapper.cfbundle; includeInIndex = 0; path = HNWidgetsTests.xctest; sourceTree = BUILT_PRODUCTS_DIR; };
		5F40535D2AE476EB00B46E36 /* HNLink.swift */ = {isa = PBXFileReference; fileEncoding = 4; lastKnownFileType = sourcecode.swift; path = HNLink.swift; sourceTree = "<group>"; };
		5F40535E2AE476EB00B46E36 /* HNPageFetcher.swift */ = {isa = PBXFileReference; fileEncoding = 4; lastKnownFileType = sourcecode.swift; path = HNPageFetcher.swift; sourceTree = "<group>"; };
		5F40535F2AE476EB00B46E36 /* HTMLParser.swift */ = {isa = PBXFileReference; fileEncoding = 4; lastKnownFileType = sourcecode.swift; path = HTMLParser.swift; sourceTree = "<group>"; };
		5F4053682AE4779700B46E36 /* Info.plist */ = {isa = PBXFileReference; lastKnownFileType = text.plist; path = Info.plist; sourceTree = "<group>"; };
		5F7FDD552AE468CC005C6C24 /* HNWidgets.app */ = {isa = PBXFileReference; explicitFileType = wrapper.application; includeInIndex = 0; path = HNWidgets.app; sourceTree = BUILT_PRODUCTS_DIR; };
		5F7FDD582AE468CC005C6C24 /* HNWidgetsApp.swift */ = {isa = PBXFileReference; lastKnownFileType = sourcecode.swift; path = HNWidgetsApp.swift; sourceTree = "<group>"; };
		5F7FDD5C2AE468CD005C6C24 /* Assets.xcassets */ = {isa = PBXFileReference; lastKnownFileType = folder.assetcatalog; path = Assets.xcassets; sourceTree = "<group>"; };
		5F7FDD5E2AE468CD005C6C24 /* HNWidgets.entitlements */ = {isa = PBXFileReference; lastKnownFileType = text.plist.entitlements; path = HNWidgets.entitlements; sourceTree = "<group>"; };
		5F7FDD602AE468CD005C6C24 /* Preview Assets.xcassets */ = {isa = PBXFileReference; lastKnownFileType = folder.assetcatalog; path = "Preview Assets.xcassets"; sourceTree = "<group>"; };
		5F7FDD6D2AE469AE005C6C24 /* WidgetKit.framework */ = {isa = PBXFileReference; lastKnownFileType = wrapper.framework; name = WidgetKit.framework; path = System/Library/Frameworks/WidgetKit.framework; sourceTree = SDKROOT; };
		5F7FDD6F2AE469AE005C6C24 /* SwiftUI.framework */ = {isa = PBXFileReference; lastKnownFileType = wrapper.framework; name = SwiftUI.framework; path = System/Library/Frameworks/SwiftUI.framework; sourceTree = SDKROOT; };
		5F7FDDA12AE46E3C005C6C24 /* HNWidgetExtension.appex */ = {isa = PBXFileReference; explicitFileType = "wrapper.app-extension"; includeInIndex = 0; path = HNWidgetExtension.appex; sourceTree = BUILT_PRODUCTS_DIR; };
		5F7FDDA52AE46E3C005C6C24 /* HNWidgetBundle.swift */ = {isa = PBXFileReference; lastKnownFileType = sourcecode.swift; path = HNWidgetBundle.swift; sourceTree = "<group>"; };
		5F7FDDA72AE46E3C005C6C24 /* HNWidget.swift */ = {isa = PBXFileReference; lastKnownFileType = sourcecode.swift; path = HNWidget.swift; sourceTree = "<group>"; };
		5F7FDDA92AE46E3D005C6C24 /* Assets.xcassets */ = {isa = PBXFileReference; lastKnownFileType = folder.assetcatalog; path = Assets.xcassets; sourceTree = "<group>"; };
		5F7FDDAB2AE46E3D005C6C24 /* Info.plist */ = {isa = PBXFileReference; lastKnownFileType = text.plist.xml; path = Info.plist; sourceTree = "<group>"; };
		5F7FDDB22AE46FD2005C6C24 /* Provider.swift */ = {isa = PBXFileReference; lastKnownFileType = sourcecode.swift; path = Provider.swift; sourceTree = "<group>"; };
		5F7FDDB62AE4700F005C6C24 /* HNWidgetEntryView.swift */ = {isa = PBXFileReference; lastKnownFileType = sourcecode.swift; path = HNWidgetEntryView.swift; sourceTree = "<group>"; };
		5F9641782AE565EB009D247D /* WidgetConfigurationIntent.swift */ = {isa = PBXFileReference; lastKnownFileType = sourcecode.swift; path = WidgetConfigurationIntent.swift; sourceTree = "<group>"; };
		5FBC1A642AE55F01009DAA73 /* SplashScreen.swift */ = {isa = PBXFileReference; lastKnownFileType = sourcecode.swift; path = SplashScreen.swift; sourceTree = "<group>"; };
		5FCC18442AE57A9E000E3BC9 /* InfoView.swift */ = {isa = PBXFileReference; lastKnownFileType = sourcecode.swift; path = InfoView.swift; sourceTree = "<group>"; };
		5FFCBF192AE480D3001994DA /* HNLinkRow.swift */ = {isa = PBXFileReference; lastKnownFileType = sourcecode.swift; path = HNLinkRow.swift; sourceTree = "<group>"; };
/* End PBXFileReference section */

/* Begin PBXFileSystemSynchronizedRootGroup section */
		5F399F0F2D6268C4003779CF /* HNWidgetsTests */ = {isa = PBXFileSystemSynchronizedRootGroup; explicitFileTypes = {}; explicitFolders = (); path = HNWidgetsTests; sourceTree = "<group>"; };
/* End PBXFileSystemSynchronizedRootGroup section */

/* Begin PBXFrameworksBuildPhase section */
		5F399F0B2D6268C3003779CF /* Frameworks */ = {
			isa = PBXFrameworksBuildPhase;
			buildActionMask = 2147483647;
			files = (
			);
			runOnlyForDeploymentPostprocessing = 0;
		};
		5F7FDD522AE468CC005C6C24 /* Frameworks */ = {
			isa = PBXFrameworksBuildPhase;
			buildActionMask = 2147483647;
			files = (
				5F40536A2AE4779C00B46E36 /* Kanna in Frameworks */,
			);
			runOnlyForDeploymentPostprocessing = 0;
		};
		5F7FDD9E2AE46E3C005C6C24 /* Frameworks */ = {
			isa = PBXFrameworksBuildPhase;
			buildActionMask = 2147483647;
			files = (
				5F40536C2AE477BD00B46E36 /* Kanna in Frameworks */,
				5F7FDDA32AE46E3C005C6C24 /* SwiftUI.framework in Frameworks */,
				5F7FDDA22AE46E3C005C6C24 /* WidgetKit.framework in Frameworks */,
			);
			runOnlyForDeploymentPostprocessing = 0;
		};
/* End PBXFrameworksBuildPhase section */

/* Begin PBXGroup section */
		5F40535B2AE476C100B46E36 /* Shared */ = {
			isa = PBXGroup;
			children = (
				5F40535D2AE476EB00B46E36 /* HNLink.swift */,
				5F40535E2AE476EB00B46E36 /* HNPageFetcher.swift */,
				5F40535F2AE476EB00B46E36 /* HTMLParser.swift */,
			);
			path = Shared;
			sourceTree = "<group>";
		};
		5F7FDD4C2AE468CC005C6C24 = {
			isa = PBXGroup;
			children = (
				5F40535B2AE476C100B46E36 /* Shared */,
				5F7FDD572AE468CC005C6C24 /* HNWidgets */,
				5F7FDDA42AE46E3C005C6C24 /* HNWidget */,
				5F399F0F2D6268C4003779CF /* HNWidgetsTests */,
				5F7FDD6C2AE469AE005C6C24 /* Frameworks */,
				5F7FDD562AE468CC005C6C24 /* Products */,
			);
			sourceTree = "<group>";
		};
		5F7FDD562AE468CC005C6C24 /* Products */ = {
			isa = PBXGroup;
			children = (
				5F7FDD552AE468CC005C6C24 /* HNWidgets.app */,
				5F7FDDA12AE46E3C005C6C24 /* HNWidgetExtension.appex */,
				5F399F0E2D6268C3003779CF /* HNWidgetsTests.xctest */,
			);
			name = Products;
			sourceTree = "<group>";
		};
		5F7FDD572AE468CC005C6C24 /* HNWidgets */ = {
			isa = PBXGroup;
			children = (
				5FFCBF192AE480D3001994DA /* HNLinkRow.swift */,
				5FBC1A642AE55F01009DAA73 /* SplashScreen.swift */,
				5FCC18442AE57A9E000E3BC9 /* InfoView.swift */,
				5F4053682AE4779700B46E36 /* Info.plist */,
				5F7FDD582AE468CC005C6C24 /* HNWidgetsApp.swift */,
				5F7FDD5C2AE468CD005C6C24 /* Assets.xcassets */,
				5F7FDD5E2AE468CD005C6C24 /* HNWidgets.entitlements */,
				5F7FDD5F2AE468CD005C6C24 /* Preview Content */,
			);
			path = HNWidgets;
			sourceTree = "<group>";
		};
		5F7FDD5F2AE468CD005C6C24 /* Preview Content */ = {
			isa = PBXGroup;
			children = (
				5F7FDD602AE468CD005C6C24 /* Preview Assets.xcassets */,
			);
			path = "Preview Content";
			sourceTree = "<group>";
		};
		5F7FDD6C2AE469AE005C6C24 /* Frameworks */ = {
			isa = PBXGroup;
			children = (
				5F7FDD6D2AE469AE005C6C24 /* WidgetKit.framework */,
				5F7FDD6F2AE469AE005C6C24 /* SwiftUI.framework */,
			);
			name = Frameworks;
			sourceTree = "<group>";
		};
		5F7FDDA42AE46E3C005C6C24 /* HNWidget */ = {
			isa = PBXGroup;
			children = (
				5F7FDDB22AE46FD2005C6C24 /* Provider.swift */,
				5F7FDDA52AE46E3C005C6C24 /* HNWidgetBundle.swift */,
				5F7FDDA72AE46E3C005C6C24 /* HNWidget.swift */,
				5F7FDDB62AE4700F005C6C24 /* HNWidgetEntryView.swift */,
				5F9641782AE565EB009D247D /* WidgetConfigurationIntent.swift */,
				5F7FDDA92AE46E3D005C6C24 /* Assets.xcassets */,
				5F7FDDAB2AE46E3D005C6C24 /* Info.plist */,
			);
			path = HNWidget;
			sourceTree = "<group>";
		};
/* End PBXGroup section */

/* Begin PBXNativeTarget section */
		5F399F0D2D6268C3003779CF /* HNWidgetsTests */ = {
			isa = PBXNativeTarget;
			buildConfigurationList = 5F399F142D6268C4003779CF /* Build configuration list for PBXNativeTarget "HNWidgetsTests" */;
			buildPhases = (
				5F399F0A2D6268C3003779CF /* Sources */,
				5F399F0B2D6268C3003779CF /* Frameworks */,
				5F399F0C2D6268C3003779CF /* Resources */,
			);
			buildRules = (
			);
			dependencies = (
				5F399F132D6268C4003779CF /* PBXTargetDependency */,
			);
			fileSystemSynchronizedGroups = (
				5F399F0F2D6268C4003779CF /* HNWidgetsTests */,
			);
			name = HNWidgetsTests;
			packageProductDependencies = (
			);
			productName = HNWidgetsTests;
			productReference = 5F399F0E2D6268C3003779CF /* HNWidgetsTests.xctest */;
			productType = "com.apple.product-type.bundle.unit-test";
		};
		5F7FDD542AE468CC005C6C24 /* HNWidgets */ = {
			isa = PBXNativeTarget;
			buildConfigurationList = 5F7FDD642AE468CD005C6C24 /* Build configuration list for PBXNativeTarget "HNWidgets" */;
			buildPhases = (
				5F7FDD512AE468CC005C6C24 /* Sources */,
				5F7FDD522AE468CC005C6C24 /* Frameworks */,
				5F7FDD532AE468CC005C6C24 /* Resources */,
				5F7FDD832AE469AF005C6C24 /* Embed Foundation Extensions */,
			);
			buildRules = (
			);
			dependencies = (
				5F7FDDAD2AE46E3D005C6C24 /* PBXTargetDependency */,
			);
			name = HNWidgets;
			packageProductDependencies = (
				5F4053692AE4779C00B46E36 /* Kanna */,
			);
			productName = HNWidgets;
			productReference = 5F7FDD552AE468CC005C6C24 /* HNWidgets.app */;
			productType = "com.apple.product-type.application";
		};
		5F7FDDA02AE46E3C005C6C24 /* HNWidgetExtension */ = {
			isa = PBXNativeTarget;
			buildConfigurationList = 5F7FDDAF2AE46E3D005C6C24 /* Build configuration list for PBXNativeTarget "HNWidgetExtension" */;
			buildPhases = (
				5F7FDD9D2AE46E3C005C6C24 /* Sources */,
				5F7FDD9E2AE46E3C005C6C24 /* Frameworks */,
				5F7FDD9F2AE46E3C005C6C24 /* Resources */,
			);
			buildRules = (
			);
			dependencies = (
			);
			name = HNWidgetExtension;
			packageProductDependencies = (
				5F40536B2AE477BD00B46E36 /* Kanna */,
			);
			productName = HNWidgetExtension;
			productReference = 5F7FDDA12AE46E3C005C6C24 /* HNWidgetExtension.appex */;
			productType = "com.apple.product-type.app-extension";
		};
/* End PBXNativeTarget section */

/* Begin PBXProject section */
		5F7FDD4D2AE468CC005C6C24 /* Project object */ = {
			isa = PBXProject;
			attributes = {
				BuildIndependentTargetsInParallel = 1;
				LastSwiftUpdateCheck = 1620;
				LastUpgradeCheck = 1620;
				TargetAttributes = {
					5F399F0D2D6268C3003779CF = {
						CreatedOnToolsVersion = 16.2;
						TestTargetID = 5F7FDD542AE468CC005C6C24;
					};
					5F7FDD542AE468CC005C6C24 = {
						CreatedOnToolsVersion = 15.1;
					};
					5F7FDDA02AE46E3C005C6C24 = {
						CreatedOnToolsVersion = 15.1;
					};
				};
			};
			buildConfigurationList = 5F7FDD502AE468CC005C6C24 /* Build configuration list for PBXProject "HNWidgets" */;
			compatibilityVersion = "Xcode 15.0";
			developmentRegion = en;
			hasScannedForEncodings = 0;
			knownRegions = (
				en,
				Base,
			);
			mainGroup = 5F7FDD4C2AE468CC005C6C24;
			packageReferences = (
				5F4053672AE4778700B46E36 /* XCRemoteSwiftPackageReference "Kanna" */,
			);
			productRefGroup = 5F7FDD562AE468CC005C6C24 /* Products */;
			projectDirPath = "";
			projectRoot = "";
			targets = (
				5F7FDD542AE468CC005C6C24 /* HNWidgets */,
				5F7FDDA02AE46E3C005C6C24 /* HNWidgetExtension */,
				5F399F0D2D6268C3003779CF /* HNWidgetsTests */,
			);
		};
/* End PBXProject section */

/* Begin PBXResourcesBuildPhase section */
		5F399F0C2D6268C3003779CF /* Resources */ = {
			isa = PBXResourcesBuildPhase;
			buildActionMask = 2147483647;
			files = (
			);
			runOnlyForDeploymentPostprocessing = 0;
		};
		5F7FDD532AE468CC005C6C24 /* Resources */ = {
			isa = PBXResourcesBuildPhase;
			buildActionMask = 2147483647;
			files = (
				5F7FDD612AE468CD005C6C24 /* Preview Assets.xcassets in Resources */,
				5F7FDD5D2AE468CD005C6C24 /* Assets.xcassets in Resources */,
			);
			runOnlyForDeploymentPostprocessing = 0;
		};
		5F7FDD9F2AE46E3C005C6C24 /* Resources */ = {
			isa = PBXResourcesBuildPhase;
			buildActionMask = 2147483647;
			files = (
				5F7FDDAA2AE46E3D005C6C24 /* Assets.xcassets in Resources */,
			);
			runOnlyForDeploymentPostprocessing = 0;
		};
/* End PBXResourcesBuildPhase section */

/* Begin PBXSourcesBuildPhase section */
		5F399F0A2D6268C3003779CF /* Sources */ = {
			isa = PBXSourcesBuildPhase;
			buildActionMask = 2147483647;
			files = (
			);
			runOnlyForDeploymentPostprocessing = 0;
		};
		5F7FDD512AE468CC005C6C24 /* Sources */ = {
			isa = PBXSourcesBuildPhase;
			buildActionMask = 2147483647;
			files = (
				5FFCBF1A2AE480D3001994DA /* HNLinkRow.swift in Sources */,
				5FBC1A652AE55F01009DAA73 /* SplashScreen.swift in Sources */,
				5F4053602AE476EB00B46E36 /* HNLink.swift in Sources */,
				5F4053622AE476EB00B46E36 /* HNPageFetcher.swift in Sources */,
				5F7FDD592AE468CC005C6C24 /* HNWidgetsApp.swift in Sources */,
				5F4053642AE476EB00B46E36 /* HTMLParser.swift in Sources */,
				5FCC18452AE57A9E000E3BC9 /* InfoView.swift in Sources */,
			);
			runOnlyForDeploymentPostprocessing = 0;
		};
		5F7FDD9D2AE46E3C005C6C24 /* Sources */ = {
			isa = PBXSourcesBuildPhase;
			buildActionMask = 2147483647;
			files = (
				5F7FDDB72AE4700F005C6C24 /* HNWidgetEntryView.swift in Sources */,
				5F4053612AE476EB00B46E36 /* HNLink.swift in Sources */,
				5F9641792AE565EB009D247D /* WidgetConfigurationIntent.swift in Sources */,
				5FFCBF1B2AE48334001994DA /* HNLinkRow.swift in Sources */,
				5F7FDDA62AE46E3C005C6C24 /* HNWidgetBundle.swift in Sources */,
				5F7FDDB32AE46FD2005C6C24 /* Provider.swift in Sources */,
				5F4053652AE476EB00B46E36 /* HTMLParser.swift in Sources */,
				5F7FDDA82AE46E3C005C6C24 /* HNWidget.swift in Sources */,
				5F4053632AE476EB00B46E36 /* HNPageFetcher.swift in Sources */,
			);
			runOnlyForDeploymentPostprocessing = 0;
		};
/* End PBXSourcesBuildPhase section */

/* Begin PBXTargetDependency section */
		5F399F132D6268C4003779CF /* PBXTargetDependency */ = {
			isa = PBXTargetDependency;
			target = 5F7FDD542AE468CC005C6C24 /* HNWidgets */;
			targetProxy = 5F399F122D6268C4003779CF /* PBXContainerItemProxy */;
		};
		5F7FDDAD2AE46E3D005C6C24 /* PBXTargetDependency */ = {
			isa = PBXTargetDependency;
			target = 5F7FDDA02AE46E3C005C6C24 /* HNWidgetExtension */;
			targetProxy = 5F7FDDAC2AE46E3D005C6C24 /* PBXContainerItemProxy */;
		};
/* End PBXTargetDependency section */

/* Begin XCBuildConfiguration section */
		5F399F152D6268C4003779CF /* Debug */ = {
			isa = XCBuildConfiguration;
			buildSettings = {
				BUNDLE_LOADER = "$(TEST_HOST)";
				CODE_SIGN_STYLE = Automatic;
				CURRENT_PROJECT_VERSION = 1;
				DEVELOPMENT_TEAM = H89RFW5UZ6;
				GENERATE_INFOPLIST_FILE = YES;
				IPHONEOS_DEPLOYMENT_TARGET = 18.2;
				MARKETING_VERSION = 1.0;
				PRODUCT_BUNDLE_IDENTIFIER = com.mattrighetti.HNWidgetsTests;
				PRODUCT_NAME = "$(TARGET_NAME)";
				SDKROOT = iphoneos;
				SWIFT_EMIT_LOC_STRINGS = NO;
				SWIFT_VERSION = 5.0;
				TARGETED_DEVICE_FAMILY = "1,2";
				TEST_HOST = "$(BUILT_PRODUCTS_DIR)/HNWidgets.app/$(BUNDLE_EXECUTABLE_FOLDER_PATH)/HNWidgets";
			};
			name = Debug;
		};
		5F399F162D6268C4003779CF /* Release */ = {
			isa = XCBuildConfiguration;
			buildSettings = {
				BUNDLE_LOADER = "$(TEST_HOST)";
				CODE_SIGN_STYLE = Automatic;
				CURRENT_PROJECT_VERSION = 1;
				DEVELOPMENT_TEAM = H89RFW5UZ6;
				GENERATE_INFOPLIST_FILE = YES;
				IPHONEOS_DEPLOYMENT_TARGET = 18.2;
				MARKETING_VERSION = 1.0;
				PRODUCT_BUNDLE_IDENTIFIER = com.mattrighetti.HNWidgetsTests;
				PRODUCT_NAME = "$(TARGET_NAME)";
				SDKROOT = iphoneos;
				SWIFT_EMIT_LOC_STRINGS = NO;
				SWIFT_VERSION = 5.0;
				TARGETED_DEVICE_FAMILY = "1,2";
				TEST_HOST = "$(BUILT_PRODUCTS_DIR)/HNWidgets.app/$(BUNDLE_EXECUTABLE_FOLDER_PATH)/HNWidgets";
				VALIDATE_PRODUCT = YES;
			};
			name = Release;
		};
		5F7FDD622AE468CD005C6C24 /* Debug */ = {
			isa = XCBuildConfiguration;
			buildSettings = {
				ALWAYS_SEARCH_USER_PATHS = NO;
				ASSETCATALOG_COMPILER_GENERATE_SWIFT_ASSET_SYMBOL_EXTENSIONS = YES;
				CLANG_ANALYZER_NONNULL = YES;
				CLANG_ANALYZER_NUMBER_OBJECT_CONVERSION = YES_AGGRESSIVE;
				CLANG_CXX_LANGUAGE_STANDARD = "gnu++20";
				CLANG_ENABLE_MODULES = YES;
				CLANG_ENABLE_OBJC_ARC = YES;
				CLANG_ENABLE_OBJC_WEAK = YES;
				CLANG_WARN_BLOCK_CAPTURE_AUTORELEASING = YES;
				CLANG_WARN_BOOL_CONVERSION = YES;
				CLANG_WARN_COMMA = YES;
				CLANG_WARN_CONSTANT_CONVERSION = YES;
				CLANG_WARN_DEPRECATED_OBJC_IMPLEMENTATIONS = YES;
				CLANG_WARN_DIRECT_OBJC_ISA_USAGE = YES_ERROR;
				CLANG_WARN_DOCUMENTATION_COMMENTS = YES;
				CLANG_WARN_EMPTY_BODY = YES;
				CLANG_WARN_ENUM_CONVERSION = YES;
				CLANG_WARN_INFINITE_RECURSION = YES;
				CLANG_WARN_INT_CONVERSION = YES;
				CLANG_WARN_NON_LITERAL_NULL_CONVERSION = YES;
				CLANG_WARN_OBJC_IMPLICIT_RETAIN_SELF = YES;
				CLANG_WARN_OBJC_LITERAL_CONVERSION = YES;
				CLANG_WARN_OBJC_ROOT_CLASS = YES_ERROR;
				CLANG_WARN_QUOTED_INCLUDE_IN_FRAMEWORK_HEADER = YES;
				CLANG_WARN_RANGE_LOOP_ANALYSIS = YES;
				CLANG_WARN_STRICT_PROTOTYPES = YES;
				CLANG_WARN_SUSPICIOUS_MOVE = YES;
				CLANG_WARN_UNGUARDED_AVAILABILITY = YES_AGGRESSIVE;
				CLANG_WARN_UNREACHABLE_CODE = YES;
				CLANG_WARN__DUPLICATE_METHOD_MATCH = YES;
				COPY_PHASE_STRIP = NO;
				DEAD_CODE_STRIPPING = YES;
				DEBUG_INFORMATION_FORMAT = dwarf;
				ENABLE_STRICT_OBJC_MSGSEND = YES;
				ENABLE_TESTABILITY = YES;
				ENABLE_USER_SCRIPT_SANDBOXING = YES;
				GCC_C_LANGUAGE_STANDARD = gnu17;
				GCC_DYNAMIC_NO_PIC = NO;
				GCC_NO_COMMON_BLOCKS = YES;
				GCC_OPTIMIZATION_LEVEL = 0;
				GCC_PREPROCESSOR_DEFINITIONS = (
					"DEBUG=1",
					"$(inherited)",
				);
				GCC_WARN_64_TO_32_BIT_CONVERSION = YES;
				GCC_WARN_ABOUT_RETURN_TYPE = YES_ERROR;
				GCC_WARN_UNDECLARED_SELECTOR = YES;
				GCC_WARN_UNINITIALIZED_AUTOS = YES_AGGRESSIVE;
				GCC_WARN_UNUSED_FUNCTION = YES;
				GCC_WARN_UNUSED_VARIABLE = YES;
				IPHONEOS_DEPLOYMENT_TARGET = 15.0;
				LOCALIZATION_PREFERS_STRING_CATALOGS = YES;
				MACOSX_DEPLOYMENT_TARGET = 14.0;
				MTL_ENABLE_DEBUG_INFO = INCLUDE_SOURCE;
				MTL_FAST_MATH = YES;
				ONLY_ACTIVE_ARCH = YES;
				SWIFT_ACTIVE_COMPILATION_CONDITIONS = "DEBUG $(inherited)";
				SWIFT_OPTIMIZATION_LEVEL = "-Onone";
			};
			name = Debug;
		};
		5F7FDD632AE468CD005C6C24 /* Release */ = {
			isa = XCBuildConfiguration;
			buildSettings = {
				ALWAYS_SEARCH_USER_PATHS = NO;
				ASSETCATALOG_COMPILER_GENERATE_SWIFT_ASSET_SYMBOL_EXTENSIONS = YES;
				CLANG_ANALYZER_NONNULL = YES;
				CLANG_ANALYZER_NUMBER_OBJECT_CONVERSION = YES_AGGRESSIVE;
				CLANG_CXX_LANGUAGE_STANDARD = "gnu++20";
				CLANG_ENABLE_MODULES = YES;
				CLANG_ENABLE_OBJC_ARC = YES;
				CLANG_ENABLE_OBJC_WEAK = YES;
				CLANG_WARN_BLOCK_CAPTURE_AUTORELEASING = YES;
				CLANG_WARN_BOOL_CONVERSION = YES;
				CLANG_WARN_COMMA = YES;
				CLANG_WARN_CONSTANT_CONVERSION = YES;
				CLANG_WARN_DEPRECATED_OBJC_IMPLEMENTATIONS = YES;
				CLANG_WARN_DIRECT_OBJC_ISA_USAGE = YES_ERROR;
				CLANG_WARN_DOCUMENTATION_COMMENTS = YES;
				CLANG_WARN_EMPTY_BODY = YES;
				CLANG_WARN_ENUM_CONVERSION = YES;
				CLANG_WARN_INFINITE_RECURSION = YES;
				CLANG_WARN_INT_CONVERSION = YES;
				CLANG_WARN_NON_LITERAL_NULL_CONVERSION = YES;
				CLANG_WARN_OBJC_IMPLICIT_RETAIN_SELF = YES;
				CLANG_WARN_OBJC_LITERAL_CONVERSION = YES;
				CLANG_WARN_OBJC_ROOT_CLASS = YES_ERROR;
				CLANG_WARN_QUOTED_INCLUDE_IN_FRAMEWORK_HEADER = YES;
				CLANG_WARN_RANGE_LOOP_ANALYSIS = YES;
				CLANG_WARN_STRICT_PROTOTYPES = YES;
				CLANG_WARN_SUSPICIOUS_MOVE = YES;
				CLANG_WARN_UNGUARDED_AVAILABILITY = YES_AGGRESSIVE;
				CLANG_WARN_UNREACHABLE_CODE = YES;
				CLANG_WARN__DUPLICATE_METHOD_MATCH = YES;
				COPY_PHASE_STRIP = NO;
				DEAD_CODE_STRIPPING = YES;
				DEBUG_INFORMATION_FORMAT = "dwarf-with-dsym";
				ENABLE_NS_ASSERTIONS = NO;
				ENABLE_STRICT_OBJC_MSGSEND = YES;
				ENABLE_USER_SCRIPT_SANDBOXING = YES;
				GCC_C_LANGUAGE_STANDARD = gnu17;
				GCC_NO_COMMON_BLOCKS = YES;
				GCC_WARN_64_TO_32_BIT_CONVERSION = YES;
				GCC_WARN_ABOUT_RETURN_TYPE = YES_ERROR;
				GCC_WARN_UNDECLARED_SELECTOR = YES;
				GCC_WARN_UNINITIALIZED_AUTOS = YES_AGGRESSIVE;
				GCC_WARN_UNUSED_FUNCTION = YES;
				GCC_WARN_UNUSED_VARIABLE = YES;
				IPHONEOS_DEPLOYMENT_TARGET = 15.0;
				LOCALIZATION_PREFERS_STRING_CATALOGS = YES;
				MACOSX_DEPLOYMENT_TARGET = 14.0;
				MTL_ENABLE_DEBUG_INFO = NO;
				MTL_FAST_MATH = YES;
				SWIFT_COMPILATION_MODE = wholemodule;
			};
			name = Release;
		};
		5F7FDD652AE468CD005C6C24 /* Debug */ = {
			isa = XCBuildConfiguration;
			buildSettings = {
				ASSETCATALOG_COMPILER_APPICON_NAME = AppIcon;
				ASSETCATALOG_COMPILER_GLOBAL_ACCENT_COLOR_NAME = AccentColor;
				ASSETCATALOG_COMPILER_INCLUDE_ALL_APPICON_ASSETS = YES;
				CODE_SIGN_ENTITLEMENTS = HNWidgets/HNWidgets.entitlements;
				CODE_SIGN_STYLE = Automatic;
				CURRENT_PROJECT_VERSION = 1;
				DEAD_CODE_STRIPPING = YES;
				DEVELOPMENT_ASSET_PATHS = "\"HNWidgets/Preview Content\"";
				DEVELOPMENT_TEAM = H89RFW5UZ6;
				ENABLE_HARDENED_RUNTIME = YES;
				ENABLE_PREVIEWS = YES;
				GENERATE_INFOPLIST_FILE = YES;
				INFOPLIST_FILE = HNWidgets/Info.plist;
				INFOPLIST_KEY_LSApplicationCategoryType = "public.app-category.utilities";
				"INFOPLIST_KEY_UIApplicationSceneManifest_Generation[sdk=iphoneos*]" = YES;
				"INFOPLIST_KEY_UIApplicationSceneManifest_Generation[sdk=iphonesimulator*]" = YES;
				"INFOPLIST_KEY_UIApplicationSupportsIndirectInputEvents[sdk=iphoneos*]" = YES;
				"INFOPLIST_KEY_UIApplicationSupportsIndirectInputEvents[sdk=iphonesimulator*]" = YES;
				"INFOPLIST_KEY_UILaunchScreen_Generation[sdk=iphoneos*]" = YES;
				"INFOPLIST_KEY_UILaunchScreen_Generation[sdk=iphonesimulator*]" = YES;
				INFOPLIST_KEY_UIStatusBarStyle = "";
				"INFOPLIST_KEY_UIStatusBarStyle[sdk=iphoneos*]" = UIStatusBarStyleDefault;
				"INFOPLIST_KEY_UIStatusBarStyle[sdk=iphonesimulator*]" = UIStatusBarStyleDefault;
				INFOPLIST_KEY_UISupportedInterfaceOrientations = UIInterfaceOrientationPortrait;
				INFOPLIST_KEY_UISupportedInterfaceOrientations_iPad = "UIInterfaceOrientationLandscapeLeft UIInterfaceOrientationLandscapeRight UIInterfaceOrientationPortrait UIInterfaceOrientationPortraitUpsideDown";
				IPHONEOS_DEPLOYMENT_TARGET = 17.0;
				LD_RUNPATH_SEARCH_PATHS = "@executable_path/Frameworks";
				"LD_RUNPATH_SEARCH_PATHS[sdk=macosx*]" = "@executable_path/../Frameworks";
				MACOSX_DEPLOYMENT_TARGET = 14.0;
				MARKETING_VERSION = 1.4;
				PRODUCT_BUNDLE_IDENTIFIER = com.mattrighetti.HNWidgets;
				PRODUCT_NAME = "$(TARGET_NAME)";
				SDKROOT = auto;
				SUPPORTED_PLATFORMS = "iphoneos iphonesimulator";
				SUPPORTS_MACCATALYST = NO;
				SWIFT_EMIT_LOC_STRINGS = YES;
				SWIFT_VERSION = 5.0;
				TARGETED_DEVICE_FAMILY = "1,2";
			};
			name = Debug;
		};
		5F7FDD662AE468CD005C6C24 /* Release */ = {
			isa = XCBuildConfiguration;
			buildSettings = {
				ASSETCATALOG_COMPILER_APPICON_NAME = AppIcon;
				ASSETCATALOG_COMPILER_GLOBAL_ACCENT_COLOR_NAME = AccentColor;
				ASSETCATALOG_COMPILER_INCLUDE_ALL_APPICON_ASSETS = YES;
				CODE_SIGN_ENTITLEMENTS = HNWidgets/HNWidgets.entitlements;
				CODE_SIGN_STYLE = Automatic;
				CURRENT_PROJECT_VERSION = 1;
				DEAD_CODE_STRIPPING = YES;
				DEVELOPMENT_ASSET_PATHS = "\"HNWidgets/Preview Content\"";
				DEVELOPMENT_TEAM = H89RFW5UZ6;
				ENABLE_HARDENED_RUNTIME = YES;
				ENABLE_PREVIEWS = YES;
				GENERATE_INFOPLIST_FILE = YES;
				INFOPLIST_FILE = HNWidgets/Info.plist;
				INFOPLIST_KEY_LSApplicationCategoryType = "public.app-category.utilities";
				"INFOPLIST_KEY_UIApplicationSceneManifest_Generation[sdk=iphoneos*]" = YES;
				"INFOPLIST_KEY_UIApplicationSceneManifest_Generation[sdk=iphonesimulator*]" = YES;
				"INFOPLIST_KEY_UIApplicationSupportsIndirectInputEvents[sdk=iphoneos*]" = YES;
				"INFOPLIST_KEY_UIApplicationSupportsIndirectInputEvents[sdk=iphonesimulator*]" = YES;
				"INFOPLIST_KEY_UILaunchScreen_Generation[sdk=iphoneos*]" = YES;
				"INFOPLIST_KEY_UILaunchScreen_Generation[sdk=iphonesimulator*]" = YES;
				INFOPLIST_KEY_UIStatusBarStyle = "";
				"INFOPLIST_KEY_UIStatusBarStyle[sdk=iphoneos*]" = UIStatusBarStyleDefault;
				"INFOPLIST_KEY_UIStatusBarStyle[sdk=iphonesimulator*]" = UIStatusBarStyleDefault;
				INFOPLIST_KEY_UISupportedInterfaceOrientations = UIInterfaceOrientationPortrait;
				INFOPLIST_KEY_UISupportedInterfaceOrientations_iPad = "UIInterfaceOrientationLandscapeLeft UIInterfaceOrientationLandscapeRight UIInterfaceOrientationPortrait UIInterfaceOrientationPortraitUpsideDown";
				IPHONEOS_DEPLOYMENT_TARGET = 17.0;
				LD_RUNPATH_SEARCH_PATHS = "@executable_path/Frameworks";
				"LD_RUNPATH_SEARCH_PATHS[sdk=macosx*]" = "@executable_path/../Frameworks";
				MACOSX_DEPLOYMENT_TARGET = 14.0;
				MARKETING_VERSION = 1.4;
				PRODUCT_BUNDLE_IDENTIFIER = com.mattrighetti.HNWidgets;
				PRODUCT_NAME = "$(TARGET_NAME)";
				SDKROOT = auto;
				SUPPORTED_PLATFORMS = "iphoneos iphonesimulator";
				SUPPORTS_MACCATALYST = NO;
				SWIFT_EMIT_LOC_STRINGS = YES;
				SWIFT_VERSION = 5.0;
				TARGETED_DEVICE_FAMILY = "1,2";
			};
			name = Release;
		};
		5F7FDDB02AE46E3D005C6C24 /* Debug */ = {
			isa = XCBuildConfiguration;
			buildSettings = {
				ASSETCATALOG_COMPILER_GLOBAL_ACCENT_COLOR_NAME = AccentColor;
				ASSETCATALOG_COMPILER_WIDGET_BACKGROUND_COLOR_NAME = WidgetBackground;
				CODE_SIGN_IDENTITY = "Apple Development";
				CODE_SIGN_STYLE = Automatic;
				CURRENT_PROJECT_VERSION = 1;
				DEVELOPMENT_ASSET_PATHS = "";
				DEVELOPMENT_TEAM = H89RFW5UZ6;
				GENERATE_INFOPLIST_FILE = YES;
				INFOPLIST_FILE = HNWidget/Info.plist;
				INFOPLIST_KEY_CFBundleDisplayName = HNWidget;
				INFOPLIST_KEY_NSHumanReadableCopyright = "";
				IPHONEOS_DEPLOYMENT_TARGET = 17.0;
				LD_RUNPATH_SEARCH_PATHS = (
					"$(inherited)",
					"@executable_path/Frameworks",
					"@executable_path/../../Frameworks",
				);
				MARKETING_VERSION = 1.4;
				PRODUCT_BUNDLE_IDENTIFIER = com.mattrighetti.HNWidgets.HNWidget;
				PRODUCT_NAME = "$(TARGET_NAME)";
				PROVISIONING_PROFILE_SPECIFIER = "";
				SDKROOT = iphoneos;
				SKIP_INSTALL = YES;
				SUPPORTED_PLATFORMS = "iphoneos iphonesimulator";
				SUPPORTS_MACCATALYST = NO;
				SUPPORTS_MAC_DESIGNED_FOR_IPHONE_IPAD = NO;
				SUPPORTS_XR_DESIGNED_FOR_IPHONE_IPAD = NO;
				SWIFT_EMIT_LOC_STRINGS = YES;
				SWIFT_VERSION = 5.0;
				TARGETED_DEVICE_FAMILY = "1,2";
			};
			name = Debug;
		};
		5F7FDDB12AE46E3D005C6C24 /* Release */ = {
			isa = XCBuildConfiguration;
			buildSettings = {
				ASSETCATALOG_COMPILER_GLOBAL_ACCENT_COLOR_NAME = AccentColor;
				ASSETCATALOG_COMPILER_WIDGET_BACKGROUND_COLOR_NAME = WidgetBackground;
				CODE_SIGN_IDENTITY = "Apple Development";
				CODE_SIGN_STYLE = Automatic;
				CURRENT_PROJECT_VERSION = 1;
				DEVELOPMENT_ASSET_PATHS = "";
				DEVELOPMENT_TEAM = H89RFW5UZ6;
				GENERATE_INFOPLIST_FILE = YES;
				INFOPLIST_FILE = HNWidget/Info.plist;
				INFOPLIST_KEY_CFBundleDisplayName = HNWidget;
				INFOPLIST_KEY_NSHumanReadableCopyright = "";
				IPHONEOS_DEPLOYMENT_TARGET = 17.0;
				LD_RUNPATH_SEARCH_PATHS = (
					"$(inherited)",
					"@executable_path/Frameworks",
					"@executable_path/../../Frameworks",
				);
				MARKETING_VERSION = 1.4;
				PRODUCT_BUNDLE_IDENTIFIER = com.mattrighetti.HNWidgets.HNWidget;
				PRODUCT_NAME = "$(TARGET_NAME)";
				PROVISIONING_PROFILE_SPECIFIER = "";
				SDKROOT = iphoneos;
				SKIP_INSTALL = YES;
				SUPPORTED_PLATFORMS = "iphoneos iphonesimulator";
				SUPPORTS_MACCATALYST = NO;
				SUPPORTS_MAC_DESIGNED_FOR_IPHONE_IPAD = NO;
				SUPPORTS_XR_DESIGNED_FOR_IPHONE_IPAD = NO;
				SWIFT_EMIT_LOC_STRINGS = YES;
				SWIFT_VERSION = 5.0;
				TARGETED_DEVICE_FAMILY = "1,2";
				VALIDATE_PRODUCT = YES;
			};
			name = Release;
		};
/* End XCBuildConfiguration section */

/* Begin XCConfigurationList section */
		5F399F142D6268C4003779CF /* Build configuration list for PBXNativeTarget "HNWidgetsTests" */ = {
			isa = XCConfigurationList;
			buildConfigurations = (
				5F399F152D6268C4003779CF /* Debug */,
				5F399F162D6268C4003779CF /* Release */,
			);
			defaultConfigurationIsVisible = 0;
			defaultConfigurationName = Release;
		};
		5F7FDD502AE468CC005C6C24 /* Build configuration list for PBXProject "HNWidgets" */ = {
			isa = XCConfigurationList;
			buildConfigurations = (
				5F7FDD622AE468CD005C6C24 /* Debug */,
				5F7FDD632AE468CD005C6C24 /* Release */,
			);
			defaultConfigurationIsVisible = 0;
			defaultConfigurationName = Release;
		};
		5F7FDD642AE468CD005C6C24 /* Build configuration list for PBXNativeTarget "HNWidgets" */ = {
			isa = XCConfigurationList;
			buildConfigurations = (
				5F7FDD652AE468CD005C6C24 /* Debug */,
				5F7FDD662AE468CD005C6C24 /* Release */,
			);
			defaultConfigurationIsVisible = 0;
			defaultConfigurationName = Release;
		};
		5F7FDDAF2AE46E3D005C6C24 /* Build configuration list for PBXNativeTarget "HNWidgetExtension" */ = {
			isa = XCConfigurationList;
			buildConfigurations = (
				5F7FDDB02AE46E3D005C6C24 /* Debug */,
				5F7FDDB12AE46E3D005C6C24 /* Release */,
			);
			defaultConfigurationIsVisible = 0;
			defaultConfigurationName = Release;
		};
/* End XCConfigurationList section */

/* Begin XCRemoteSwiftPackageReference section */
		5F4053672AE4778700B46E36 /* XCRemoteSwiftPackageReference "Kanna" */ = {
			isa = XCRemoteSwiftPackageReference;
			repositoryURL = "ssh://git@github.com/tid-kijyun/Kanna";
			requirement = {
				kind = upToNextMajorVersion;
				minimumVersion = 5.2.7;
			};
		};
/* End XCRemoteSwiftPackageReference section */

/* Begin XCSwiftPackageProductDependency section */
		5F4053692AE4779C00B46E36 /* Kanna */ = {
			isa = XCSwiftPackageProductDependency;
			package = 5F4053672AE4778700B46E36 /* XCRemoteSwiftPackageReference "Kanna" */;
			productName = Kanna;
		};
		5F40536B2AE477BD00B46E36 /* Kanna */ = {
			isa = XCSwiftPackageProductDependency;
			package = 5F4053672AE4778700B46E36 /* XCRemoteSwiftPackageReference "Kanna" */;
			productName = Kanna;
		};
/* End XCSwiftPackageProductDependency section */
	};
	rootObject = 5F7FDD4D2AE468CC005C6C24 /* Project object */;
}
